// !$*UTF8*$!
{
	archiveVersion = 1;
	classes = {
	};
	objectVersion = 55;
	objects = {

/* Begin PBXBuildFile section */
		DC94556F27D2CB6700071C92 /* SearchBarApp.swift in Sources */ = {isa = PBXBuildFile; fileRef = DC94555F27D2CB6500071C92 /* SearchBarApp.swift */; };
		DC94557027D2CB6700071C92 /* SearchBarApp.swift in Sources */ = {isa = PBXBuildFile; fileRef = DC94555F27D2CB6500071C92 /* SearchBarApp.swift */; };
		DC94557127D2CB6700071C92 /* ContentView.swift in Sources */ = {isa = PBXBuildFile; fileRef = DC94556027D2CB6500071C92 /* ContentView.swift */; };
		DC94557227D2CB6700071C92 /* ContentView.swift in Sources */ = {isa = PBXBuildFile; fileRef = DC94556027D2CB6500071C92 /* ContentView.swift */; };
		DC94557327D2CB6700071C92 /* Assets.xcassets in Resources */ = {isa = PBXBuildFile; fileRef = DC94556127D2CB6700071C92 /* Assets.xcassets */; };
		DC94557427D2CB6700071C92 /* Assets.xcassets in Resources */ = {isa = PBXBuildFile; fileRef = DC94556127D2CB6700071C92 /* Assets.xcassets */; };
		DC94558B27D2EF3000071C92 /* Home.swift in Sources */ = {isa = PBXBuildFile; fileRef = DC94558A27D2EF3000071C92 /* Home.swift */; };
		DC94558C27D2EF3000071C92 /* Home.swift in Sources */ = {isa = PBXBuildFile; fileRef = DC94558A27D2EF3000071C92 /* Home.swift */; };
		DC94558E27D2EF3E00071C92 /* User.swift in Sources */ = {isa = PBXBuildFile; fileRef = DC94558D27D2EF3E00071C92 /* User.swift */; };
		DC94558F27D2EF3E00071C92 /* User.swift in Sources */ = {isa = PBXBuildFile; fileRef = DC94558D27D2EF3E00071C92 /* User.swift */; };
		DC94559127D2EFB400071C92 /* SearchUser.swift in Sources */ = {isa = PBXBuildFile; fileRef = DC94559027D2EFB400071C92 /* SearchUser.swift */; };
		DC94559227D2EFB400071C92 /* SearchUser.swift in Sources */ = {isa = PBXBuildFile; fileRef = DC94559027D2EFB400071C92 /* SearchUser.swift */; };
		DC94559427D2F02A00071C92 /* CustomSearchBar.swift in Sources */ = {isa = PBXBuildFile; fileRef = DC94559327D2F02A00071C92 /* CustomSearchBar.swift */; };
		DC94559527D2F02A00071C92 /* CustomSearchBar.swift in Sources */ = {isa = PBXBuildFile; fileRef = DC94559327D2F02A00071C92 /* CustomSearchBar.swift */; };
/* End PBXBuildFile section */

/* Begin PBXFileReference section */
		DC94555F27D2CB6500071C92 /* SearchBarApp.swift */ = {isa = PBXFileReference; lastKnownFileType = sourcecode.swift; path = SearchBarApp.swift; sourceTree = "<group>"; };
		DC94556027D2CB6500071C92 /* ContentView.swift */ = {isa = PBXFileReference; lastKnownFileType = sourcecode.swift; path = ContentView.swift; sourceTree = "<group>"; };
		DC94556127D2CB6700071C92 /* Assets.xcassets */ = {isa = PBXFileReference; lastKnownFileType = folder.assetcatalog; path = Assets.xcassets; sourceTree = "<group>"; };
		DC94556627D2CB6700071C92 /* SearchBar.app */ = {isa = PBXFileReference; explicitFileType = wrapper.application; includeInIndex = 0; path = SearchBar.app; sourceTree = BUILT_PRODUCTS_DIR; };
		DC94556C27D2CB6700071C92 /* SearchBar.app */ = {isa = PBXFileReference; explicitFileType = wrapper.application; includeInIndex = 0; path = SearchBar.app; sourceTree = BUILT_PRODUCTS_DIR; };
		DC94556E27D2CB6700071C92 /* macOS.entitlements */ = {isa = PBXFileReference; lastKnownFileType = text.plist.entitlements; path = macOS.entitlements; sourceTree = "<group>"; };
		DC94558A27D2EF3000071C92 /* Home.swift */ = {isa = PBXFileReference; lastKnownFileType = sourcecode.swift; path = Home.swift; sourceTree = "<group>"; };
		DC94558D27D2EF3E00071C92 /* User.swift */ = {isa = PBXFileReference; lastKnownFileType = sourcecode.swift; path = User.swift; sourceTree = "<group>"; };
		DC94559027D2EFB400071C92 /* SearchUser.swift */ = {isa = PBXFileReference; lastKnownFileType = sourcecode.swift; path = SearchUser.swift; sourceTree = "<group>"; };
		DC94559327D2F02A00071C92 /* CustomSearchBar.swift */ = {isa = PBXFileReference; lastKnownFileType = sourcecode.swift; path = CustomSearchBar.swift; sourceTree = "<group>"; };
/* End PBXFileReference section */

/* Begin PBXFrameworksBuildPhase section */
		DC94556327D2CB6700071C92 /* Frameworks */ = {
			isa = PBXFrameworksBuildPhase;
			buildActionMask = 2147483647;
			files = (
			);
			runOnlyForDeploymentPostprocessing = 0;
		};
		DC94556927D2CB6700071C92 /* Frameworks */ = {
			isa = PBXFrameworksBuildPhase;
			buildActionMask = 2147483647;
			files = (
			);
			runOnlyForDeploymentPostprocessing = 0;
		};
/* End PBXFrameworksBuildPhase section */

/* Begin PBXGroup section */
		DC94555927D2CB6400071C92 = {
			isa = PBXGroup;
			children = (
				DC94555E27D2CB6500071C92 /* Shared */,
				DC94556D27D2CB6700071C92 /* macOS */,
				DC94556727D2CB6700071C92 /* Products */,
			);
			sourceTree = "<group>";
		};
		DC94555E27D2CB6500071C92 /* Shared */ = {
			isa = PBXGroup;
			children = (
				DC94558927D2EF0C00071C92 /* ViewModel */,
				DC94558827D2EF0800071C92 /* View */,
				DC94558727D2EF0100071C92 /* Model */,
				DC94555F27D2CB6500071C92 /* SearchBarApp.swift */,
				DC94556027D2CB6500071C92 /* ContentView.swift */,
				DC94556127D2CB6700071C92 /* Assets.xcassets */,
			);
			path = Shared;
			sourceTree = "<group>";
		};
		DC94556727D2CB6700071C92 /* Products */ = {
			isa = PBXGroup;
			children = (
				DC94556627D2CB6700071C92 /* SearchBar.app */,
				DC94556C27D2CB6700071C92 /* SearchBar.app */,
			);
			name = Products;
			sourceTree = "<group>";
		};
		DC94556D27D2CB6700071C92 /* macOS */ = {
			isa = PBXGroup;
			children = (
				DC94556E27D2CB6700071C92 /* macOS.entitlements */,
			);
			path = macOS;
			sourceTree = "<group>";
		};
		DC94558727D2EF0100071C92 /* Model */ = {
			isa = PBXGroup;
			children = (
				DC94558D27D2EF3E00071C92 /* User.swift */,
			);
			path = Model;
			sourceTree = "<group>";
		};
		DC94558827D2EF0800071C92 /* View */ = {
			isa = PBXGroup;
			children = (
				DC94558A27D2EF3000071C92 /* Home.swift */,
				DC94559327D2F02A00071C92 /* CustomSearchBar.swift */,
			);
			path = View;
			sourceTree = "<group>";
		};
		DC94558927D2EF0C00071C92 /* ViewModel */ = {
			isa = PBXGroup;
			children = (
				DC94559027D2EFB400071C92 /* SearchUser.swift */,
			);
			path = ViewModel;
			sourceTree = "<group>";
		};
/* End PBXGroup section */

/* Begin PBXNativeTarget section */
		DC94556527D2CB6700071C92 /* SearchBar (iOS) */ = {
			isa = PBXNativeTarget;
			buildConfigurationList = DC94557727D2CB6700071C92 /* Build configuration list for PBXNativeTarget "SearchBar (iOS)" */;
			buildPhases = (
				DC94556227D2CB6700071C92 /* Sources */,
				DC94556327D2CB6700071C92 /* Frameworks */,
				DC94556427D2CB6700071C92 /* Resources */,
			);
			buildRules = (
			);
			dependencies = (
			);
			name = "SearchBar (iOS)";
			productName = "SearchBar (iOS)";
			productReference = DC94556627D2CB6700071C92 /* SearchBar.app */;
			productType = "com.apple.product-type.application";
		};
		DC94556B27D2CB6700071C92 /* SearchBar (macOS) */ = {
			isa = PBXNativeTarget;
			buildConfigurationList = DC94557A27D2CB6700071C92 /* Build configuration list for PBXNativeTarget "SearchBar (macOS)" */;
			buildPhases = (
				DC94556827D2CB6700071C92 /* Sources */,
				DC94556927D2CB6700071C92 /* Frameworks */,
				DC94556A27D2CB6700071C92 /* Resources */,
			);
			buildRules = (
			);
			dependencies = (
			);
			name = "SearchBar (macOS)";
			productName = "SearchBar (macOS)";
			productReference = DC94556C27D2CB6700071C92 /* SearchBar.app */;
			productType = "com.apple.product-type.application";
		};
/* End PBXNativeTarget section */

/* Begin PBXProject section */
		DC94555A27D2CB6400071C92 /* Project object */ = {
			isa = PBXProject;
			attributes = {
				BuildIndependentTargetsInParallel = 1;
				LastSwiftUpdateCheck = 1330;
				LastUpgradeCheck = 1330;
				TargetAttributes = {
					DC94556527D2CB6700071C92 = {
						CreatedOnToolsVersion = 13.3;
					};
					DC94556B27D2CB6700071C92 = {
						CreatedOnToolsVersion = 13.3;
					};
				};
			};
			buildConfigurationList = DC94555D27D2CB6400071C92 /* Build configuration list for PBXProject "SearchBar" */;
			compatibilityVersion = "Xcode 13.0";
			developmentRegion = en;
			hasScannedForEncodings = 0;
			knownRegions = (
				en,
				Base,
			);
			mainGroup = DC94555927D2CB6400071C92;
			productRefGroup = DC94556727D2CB6700071C92 /* Products */;
			projectDirPath = "";
			projectRoot = "";
			targets = (
				DC94556527D2CB6700071C92 /* SearchBar (iOS) */,
				DC94556B27D2CB6700071C92 /* SearchBar (macOS) */,
			);
		};
/* End PBXProject section */

/* Begin PBXResourcesBuildPhase section */
		DC94556427D2CB6700071C92 /* Resources */ = {
			isa = PBXResourcesBuildPhase;
			buildActionMask = 2147483647;
			files = (
				DC94557327D2CB6700071C92 /* Assets.xcassets in Resources */,
			);
			runOnlyForDeploymentPostprocessing = 0;
		};
		DC94556A27D2CB6700071C92 /* Resources */ = {
			isa = PBXResourcesBuildPhase;
			buildActionMask = 2147483647;
			files = (
				DC94557427D2CB6700071C92 /* Assets.xcassets in Resources */,
			);
			runOnlyForDeploymentPostprocessing = 0;
		};
/* End PBXResourcesBuildPhase section */

/* Begin PBXSourcesBuildPhase section */
		DC94556227D2CB6700071C92 /* Sources */ = {
			isa = PBXSourcesBuildPhase;
			buildActionMask = 2147483647;
			files = (
				DC94558E27D2EF3E00071C92 /* User.swift in Sources */,
				DC94557127D2CB6700071C92 /* ContentView.swift in Sources */,
				DC94559427D2F02A00071C92 /* CustomSearchBar.swift in Sources */,
				DC94558B27D2EF3000071C92 /* Home.swift in Sources */,
				DC94556F27D2CB6700071C92 /* SearchBarApp.swift in Sources */,
				DC94559127D2EFB400071C92 /* SearchUser.swift in Sources */,
			);
			runOnlyForDeploymentPostprocessing = 0;
		};
		DC94556827D2CB6700071C92 /* Sources */ = {
			isa = PBXSourcesBuildPhase;
			buildActionMask = 2147483647;
			files = (
				DC94558F27D2EF3E00071C92 /* User.swift in Sources */,
				DC94557227D2CB6700071C92 /* ContentView.swift in Sources */,
				DC94559527D2F02A00071C92 /* CustomSearchBar.swift in Sources */,
				DC94558C27D2EF3000071C92 /* Home.swift in Sources */,
				DC94557027D2CB6700071C92 /* SearchBarApp.swift in Sources */,
				DC94559227D2EFB400071C92 /* SearchUser.swift in Sources */,
			);
			runOnlyForDeploymentPostprocessing = 0;
		};
/* End PBXSourcesBuildPhase section */

/* Begin XCBuildConfiguration section */
		DC94557527D2CB6700071C92 /* Debug */ = {
			isa = XCBuildConfiguration;
			buildSettings = {
				ALWAYS_SEARCH_USER_PATHS = NO;
				CLANG_ANALYZER_NONNULL = YES;
				CLANG_ANALYZER_NUMBER_OBJECT_CONVERSION = YES_AGGRESSIVE;
				CLANG_CXX_LANGUAGE_STANDARD = "gnu++17";
				CLANG_ENABLE_MODULES = YES;
				CLANG_ENABLE_OBJC_ARC = YES;
				CLANG_ENABLE_OBJC_WEAK = YES;
				CLANG_WARN_BLOCK_CAPTURE_AUTORELEASING = YES;
				CLANG_WARN_BOOL_CONVERSION = YES;
				CLANG_WARN_COMMA = YES;
				CLANG_WARN_CONSTANT_CONVERSION = YES;
				CLANG_WARN_DEPRECATED_OBJC_IMPLEMENTATIONS = YES;
				CLANG_WARN_DIRECT_OBJC_ISA_USAGE = YES_ERROR;
				CLANG_WARN_DOCUMENTATION_COMMENTS = YES;
				CLANG_WARN_EMPTY_BODY = YES;
				CLANG_WARN_ENUM_CONVERSION = YES;
				CLANG_WARN_INFINITE_RECURSION = YES;
				CLANG_WARN_INT_CONVERSION = YES;
				CLANG_WARN_NON_LITERAL_NULL_CONVERSION = YES;
				CLANG_WARN_OBJC_IMPLICIT_RETAIN_SELF = YES;
				CLANG_WARN_OBJC_LITERAL_CONVERSION = YES;
				CLANG_WARN_OBJC_ROOT_CLASS = YES_ERROR;
				CLANG_WARN_QUOTED_INCLUDE_IN_FRAMEWORK_HEADER = YES;
				CLANG_WARN_RANGE_LOOP_ANALYSIS = YES;
				CLANG_WARN_STRICT_PROTOTYPES = YES;
				CLANG_WARN_SUSPICIOUS_MOVE = YES;
				CLANG_WARN_UNGUARDED_AVAILABILITY = YES_AGGRESSIVE;
				CLANG_WARN_UNREACHABLE_CODE = YES;
				CLANG_WARN__DUPLICATE_METHOD_MATCH = YES;
				COPY_PHASE_STRIP = NO;
				DEBUG_INFORMATION_FORMAT = dwarf;
				ENABLE_STRICT_OBJC_MSGSEND = YES;
				ENABLE_TESTABILITY = YES;
				GCC_C_LANGUAGE_STANDARD = gnu11;
				GCC_DYNAMIC_NO_PIC = NO;
				GCC_NO_COMMON_BLOCKS = YES;
				GCC_OPTIMIZATION_LEVEL = 0;
				GCC_PREPROCESSOR_DEFINITIONS = (
					"DEBUG=1",
					"$(inherited)",
				);
				GCC_WARN_64_TO_32_BIT_CONVERSION = YES;
				GCC_WARN_ABOUT_RETURN_TYPE = YES_ERROR;
				GCC_WARN_UNDECLARED_SELECTOR = YES;
				GCC_WARN_UNINITIALIZED_AUTOS = YES_AGGRESSIVE;
				GCC_WARN_UNUSED_FUNCTION = YES;
				GCC_WARN_UNUSED_VARIABLE = YES;
				MTL_ENABLE_DEBUG_INFO = INCLUDE_SOURCE;
				MTL_FAST_MATH = YES;
				ONLY_ACTIVE_ARCH = YES;
				SWIFT_ACTIVE_COMPILATION_CONDITIONS = DEBUG;
				SWIFT_OPTIMIZATION_LEVEL = "-Onone";
			};
			name = Debug;
		};
		DC94557627D2CB6700071C92 /* Release */ = {
			isa = XCBuildConfiguration;
			buildSettings = {
				ALWAYS_SEARCH_USER_PATHS = NO;
				CLANG_ANALYZER_NONNULL = YES;
				CLANG_ANALYZER_NUMBER_OBJECT_CONVERSION = YES_AGGRESSIVE;
				CLANG_CXX_LANGUAGE_STANDARD = "gnu++17";
				CLANG_ENABLE_MODULES = YES;
				CLANG_ENABLE_OBJC_ARC = YES;
				CLANG_ENABLE_OBJC_WEAK = YES;
				CLANG_WARN_BLOCK_CAPTURE_AUTORELEASING = YES;
				CLANG_WARN_BOOL_CONVERSION = YES;
				CLANG_WARN_COMMA = YES;
				CLANG_WARN_CONSTANT_CONVERSION = YES;
				CLANG_WARN_DEPRECATED_OBJC_IMPLEMENTATIONS = YES;
				CLANG_WARN_DIRECT_OBJC_ISA_USAGE = YES_ERROR;
				CLANG_WARN_DOCUMENTATION_COMMENTS = YES;
				CLANG_WARN_EMPTY_BODY = YES;
				CLANG_WARN_ENUM_CONVERSION = YES;
				CLANG_WARN_INFINITE_RECURSION = YES;
				CLANG_WARN_INT_CONVERSION = YES;
				CLANG_WARN_NON_LITERAL_NULL_CONVERSION = YES;
				CLANG_WARN_OBJC_IMPLICIT_RETAIN_SELF = YES;
				CLANG_WARN_OBJC_LITERAL_CONVERSION = YES;
				CLANG_WARN_OBJC_ROOT_CLASS = YES_ERROR;
				CLANG_WARN_QUOTED_INCLUDE_IN_FRAMEWORK_HEADER = YES;
				CLANG_WARN_RANGE_LOOP_ANALYSIS = YES;
				CLANG_WARN_STRICT_PROTOTYPES = YES;
				CLANG_WARN_SUSPICIOUS_MOVE = YES;
				CLANG_WARN_UNGUARDED_AVAILABILITY = YES_AGGRESSIVE;
				CLANG_WARN_UNREACHABLE_CODE = YES;
				CLANG_WARN__DUPLICATE_METHOD_MATCH = YES;
				COPY_PHASE_STRIP = NO;
				DEBUG_INFORMATION_FORMAT = "dwarf-with-dsym";
				ENABLE_NS_ASSERTIONS = NO;
				ENABLE_STRICT_OBJC_MSGSEND = YES;
				GCC_C_LANGUAGE_STANDARD = gnu11;
				GCC_NO_COMMON_BLOCKS = YES;
				GCC_WARN_64_TO_32_BIT_CONVERSION = YES;
				GCC_WARN_ABOUT_RETURN_TYPE = YES_ERROR;
				GCC_WARN_UNDECLARED_SELECTOR = YES;
				GCC_WARN_UNINITIALIZED_AUTOS = YES_AGGRESSIVE;
				GCC_WARN_UNUSED_FUNCTION = YES;
				GCC_WARN_UNUSED_VARIABLE = YES;
				MTL_ENABLE_DEBUG_INFO = NO;
				MTL_FAST_MATH = YES;
				SWIFT_COMPILATION_MODE = wholemodule;
				SWIFT_OPTIMIZATION_LEVEL = "-O";
			};
			name = Release;
		};
		DC94557827D2CB6700071C92 /* Debug */ = {
			isa = XCBuildConfiguration;
			buildSettings = {
				ASSETCATALOG_COMPILER_APPICON_NAME = AppIcon;
				ASSETCATALOG_COMPILER_GLOBAL_ACCENT_COLOR_NAME = AccentColor;
				CODE_SIGN_STYLE = Automatic;
				CURRENT_PROJECT_VERSION = 1;
				DEVELOPMENT_TEAM = BRXBZH3DV4;
				ENABLE_PREVIEWS = YES;
				GENERATE_INFOPLIST_FILE = YES;
				INFOPLIST_KEY_UIApplicationSceneManifest_Generation = YES;
				INFOPLIST_KEY_UIApplicationSupportsIndirectInputEvents = YES;
				INFOPLIST_KEY_UILaunchScreen_Generation = YES;
				INFOPLIST_KEY_UISupportedInterfaceOrientations_iPad = "UIInterfaceOrientationPortrait UIInterfaceOrientationPortraitUpsideDown UIInterfaceOrientationLandscapeLeft UIInterfaceOrientationLandscapeRight";
				INFOPLIST_KEY_UISupportedInterfaceOrientations_iPhone = "UIInterfaceOrientationPortrait UIInterfaceOrientationLandscapeLeft UIInterfaceOrientationLandscapeRight";
				IPHONEOS_DEPLOYMENT_TARGET = 15.4;
				LD_RUNPATH_SEARCH_PATHS = (
					"$(inherited)",
					"@executable_path/Frameworks",
				);
				MARKETING_VERSION = 1.0;
				PRODUCT_BUNDLE_IDENTIFIER = com.DavinHenrik.SearchBar;
				PRODUCT_NAME = SearchBar;
				SDKROOT = iphoneos;
				SWIFT_EMIT_LOC_STRINGS = YES;
				SWIFT_VERSION = 5.0;
				TARGETED_DEVICE_FAMILY = "1,2";
			};
			name = Debug;
		};
		DC94557927D2CB6700071C92 /* Release */ = {
			isa = XCBuildConfiguration;
			buildSettings = {
				ASSETCATALOG_COMPILER_APPICON_NAME = AppIcon;
				ASSETCATALOG_COMPILER_GLOBAL_ACCENT_COLOR_NAME = AccentColor;
				CODE_SIGN_STYLE = Automatic;
				CURRENT_PROJECT_VERSION = 1;
				DEVELOPMENT_TEAM = BRXBZH3DV4;
				ENABLE_PREVIEWS = YES;
				GENERATE_INFOPLIST_FILE = YES;
				INFOPLIST_KEY_UIApplicationSceneManifest_Generation = YES;
				INFOPLIST_KEY_UIApplicationSupportsIndirectInputEvents = YES;
				INFOPLIST_KEY_UILaunchScreen_Generation = YES;
				INFOPLIST_KEY_UISupportedInterfaceOrientations_iPad = "UIInterfaceOrientationPortrait UIInterfaceOrientationPortraitUpsideDown UIInterfaceOrientationLandscapeLeft UIInterfaceOrientationLandscapeRight";
				INFOPLIST_KEY_UISupportedInterfaceOrientations_iPhone = "UIInterfaceOrientationPortrait UIInterfaceOrientationLandscapeLeft UIInterfaceOrientationLandscapeRight";
				IPHONEOS_DEPLOYMENT_TARGET = 15.4;
				LD_RUNPATH_SEARCH_PATHS = (
					"$(inherited)",
					"@executable_path/Frameworks",
				);
				MARKETING_VERSION = 1.0;
				PRODUCT_BUNDLE_IDENTIFIER = com.DavinHenrik.SearchBar;
				PRODUCT_NAME = SearchBar;
				SDKROOT = iphoneos;
				SWIFT_EMIT_LOC_STRINGS = YES;
				SWIFT_VERSION = 5.0;
				TARGETED_DEVICE_FAMILY = "1,2";
				VALIDATE_PRODUCT = YES;
			};
			name = Release;
		};
		DC94557B27D2CB6700071C92 /* Debug */ = {
			isa = XCBuildConfiguration;
			buildSettings = {
				ASSETCATALOG_COMPILER_APPICON_NAME = AppIcon;
				ASSETCATALOG_COMPILER_GLOBAL_ACCENT_COLOR_NAME = AccentColor;
				CODE_SIGN_ENTITLEMENTS = macOS/macOS.entitlements;
				CODE_SIGN_STYLE = Automatic;
				COMBINE_HIDPI_IMAGES = YES;
				CURRENT_PROJECT_VERSION = 1;
				DEVELOPMENT_TEAM = BRXBZH3DV4;
				ENABLE_HARDENED_RUNTIME = YES;
				ENABLE_PREVIEWS = YES;
				GENERATE_INFOPLIST_FILE = YES;
				INFOPLIST_KEY_NSHumanReadableCopyright = "";
				LD_RUNPATH_SEARCH_PATHS = (
					"$(inherited)",
					"@executable_path/../Frameworks",
				);
				MACOSX_DEPLOYMENT_TARGET = 12.2;
				MARKETING_VERSION = 1.0;
				PRODUCT_BUNDLE_IDENTIFIER = com.DavinHenrik.SearchBar;
				PRODUCT_NAME = SearchBar;
				SDKROOT = macosx;
				SWIFT_EMIT_LOC_STRINGS = YES;
				SWIFT_VERSION = 5.0;
			};
			name = Debug;
		};
		DC94557C27D2CB6700071C92 /* Release */ = {
			isa = XCBuildConfiguration;
			buildSettings = {
				ASSETCATALOG_COMPILER_APPICON_NAME = AppIcon;
				ASSETCATALOG_COMPILER_GLOBAL_ACCENT_COLOR_NAME = AccentColor;
				CODE_SIGN_ENTITLEMENTS = macOS/macOS.entitlements;
				CODE_SIGN_STYLE = Automatic;
				COMBINE_HIDPI_IMAGES = YES;
				CURRENT_PROJECT_VERSION = 1;
				DEVELOPMENT_TEAM = BRXBZH3DV4;
				ENABLE_HARDENED_RUNTIME = YES;
				ENABLE_PREVIEWS = YES;
				GENERATE_INFOPLIST_FILE = YES;
				INFOPLIST_KEY_NSHumanReadableCopyright = "";
				LD_RUNPATH_SEARCH_PATHS = (
					"$(inherited)",
					"@executable_path/../Frameworks",
				);
				MACOSX_DEPLOYMENT_TARGET = 12.2;
				MARKETING_VERSION = 1.0;
				PRODUCT_BUNDLE_IDENTIFIER = com.DavinHenrik.SearchBar;
				PRODUCT_NAME = SearchBar;
				SDKROOT = macosx;
				SWIFT_EMIT_LOC_STRINGS = YES;
				SWIFT_VERSION = 5.0;
			};
			name = Release;
		};
/* End XCBuildConfiguration section */

/* Begin XCConfigurationList section */
		DC94555D27D2CB6400071C92 /* Build configuration list for PBXProject "SearchBar" */ = {
			isa = XCConfigurationList;
			buildConfigurations = (
				DC94557527D2CB6700071C92 /* Debug */,
				DC94557627D2CB6700071C92 /* Release */,
			);
			defaultConfigurationIsVisible = 0;
			defaultConfigurationName = Release;
		};
		DC94557727D2CB6700071C92 /* Build configuration list for PBXNativeTarget "SearchBar (iOS)" */ = {
			isa = XCConfigurationList;
			buildConfigurations = (
				DC94557827D2CB6700071C92 /* Debug */,
				DC94557927D2CB6700071C92 /* Release */,
			);
			defaultConfigurationIsVisible = 0;
			defaultConfigurationName = Release;
		};
		DC94557A27D2CB6700071C92 /* Build configuration list for PBXNativeTarget "SearchBar (macOS)" */ = {
			isa = XCConfigurationList;
			buildConfigurations = (
				DC94557B27D2CB6700071C92 /* Debug */,
				DC94557C27D2CB6700071C92 /* Release */,
			);
			defaultConfigurationIsVisible = 0;
			defaultConfigurationName = Release;
		};
/* End XCConfigurationList section */
	};
	rootObject = DC94555A27D2CB6400071C92 /* Project object */;
}
